{
    "_meta": {
        "hash": {
            "sha256": "ef6ec0724fab7ce6a5699d14ac568bfc3a7a1d2b0cdb19a43c90f2c6f1346132"
        },
        "pipfile-spec": 6,
        "requires": {
            "python_version": "3.9"
        },
        "sources": [
            {
                "name": "pypi",
                "url": "https://pypi.org/simple",
                "verify_ssl": true
            }
        ]
    },
    "default": {
        "prettytable": {
            "hashes": [
                "sha256:118eb54fd2794049b810893653b20952349df6d3bc1764e7facd8a18064fa9b0",
                "sha256:d1c34d72ea2c0ffd6ce5958e71c428eb21a3d40bf3133afe319b24aeed5af407"
            ],
            "index": "pypi",
            "version": "==3.3.0"
        },
        "wcwidth": {
            "hashes": [
                "sha256:beb4802a9cebb9144e99086eff703a642a13d6a0052920003a230f3294bbe784",
                "sha256:c4d647b99872929fdb7bdcaa4fbe7f01413ed3d98077df798530e5b04f116c83"
            ],
            "version": "==0.2.5"
        }
    },
    "develop": {}
}
